// !$*UTF8*$!
{
	archiveVersion = 1;
	classes = {
	};
	objectVersion = 46;
	objects = {

/* Begin PBXBuildFile section */
		5DA33D0019518B8D00D1C035 /* CRSUtilities.m in Sources */ = {isa = PBXBuildFile; fileRef = 5DA33CFF19518B8D00D1C035 /* CRSUtilities.m */; };
		692E5AAF0CDBECE300E0BCB8 /* CRSMapStimTable.m in Sources */ = {isa = PBXBuildFile; fileRef = 692E5AAE0CDBECE300E0BCB8 /* CRSMapStimTable.m */; };
		693BB74215C8005500390101 /* Lablib.framework in Frameworks */ = {isa = PBXBuildFile; fileRef = 693BB74115C8005500390101 /* Lablib.framework */; };
		695982D1080209EB0090B9A6 /* CRSFixGraceState.h in Resources */ = {isa = PBXBuildFile; fileRef = 695982CF080209EB0090B9A6 /* CRSFixGraceState.h */; };
		695982D2080209EB0090B9A6 /* CRSFixGraceState.m in Sources */ = {isa = PBXBuildFile; fileRef = 695982D0080209EB0090B9A6 /* CRSFixGraceState.m */; };
		695C12F709B108880021A27D /* CRSFixateState.m in Sources */ = {isa = PBXBuildFile; fileRef = 695C12F609B108880021A27D /* CRSFixateState.m */; };
		69BDCE44098BD2CA00578E91 /* CRSSpikeController.m in Sources */ = {isa = PBXBuildFile; fileRef = 69F13A6004716CF400F95509 /* CRSSpikeController.m */; };
		69E24E1B07A5C25A00DDC096 /* CRSMap.h in Resources */ = {isa = PBXBuildFile; fileRef = 69E247C907A5562500DDC096 /* CRSMap.h */; };
		69E24E1C07A5C25B00DDC096 /* CRSMap.m in Sources */ = {isa = PBXBuildFile; fileRef = 69E247CA07A5562500DDC096 /* CRSMap.m */; };
		69E24E1E07A5C25E00DDC096 /* CRSStimuli.h in Resources */ = {isa = PBXBuildFile; fileRef = 69EAD86F04352E4F00F95509 /* CRSStimuli.h */; };
		69E24E2107A5C27000DDC096 /* CRSBehaviorController.h in Resources */ = {isa = PBXBuildFile; fileRef = 690B798D047ADA9F00A80164 /* CRSBehaviorController.h */; };
		69E24E2207A5C27100DDC096 /* CRSBehaviorController.m in Sources */ = {isa = PBXBuildFile; fileRef = 690B798E047ADA9F00A80164 /* CRSBehaviorController.m */; };
		69E24E2307A5C27200DDC096 /* CRSEyeXYController.h in Resources */ = {isa = PBXBuildFile; fileRef = 69E96F8D0472CC5C00F95509 /* CRSEyeXYController.h */; };
		69E24E2407A5C27200DDC096 /* CRSEyeXYController.m in Sources */ = {isa = PBXBuildFile; fileRef = 69E96F8E0472CC5C00F95509 /* CRSEyeXYController.m */; };
		69E24E2507A5C27300DDC096 /* CRSSpikeController.h in Resources */ = {isa = PBXBuildFile; fileRef = 69F13A5F04716CF400F95509 /* CRSSpikeController.h */; };
		69E24E2707A5C27400DDC096 /* CRSSummaryController.h in Resources */ = {isa = PBXBuildFile; fileRef = 69B9AE720482FBDD00F95509 /* CRSSummaryController.h */; };
		69E24E2807A5C27600DDC096 /* CRSSummaryController.m in Sources */ = {isa = PBXBuildFile; fileRef = 69B9AE730482FBDD00F95509 /* CRSSummaryController.m */; };
		69E24E2907A5C27700DDC096 /* CRSXTController.h in Resources */ = {isa = PBXBuildFile; fileRef = 69B5A7CA0471DBA300F95509 /* CRSXTController.h */; };
		69E24E2A07A5C27800DDC096 /* CRSXTController.m in Sources */ = {isa = PBXBuildFile; fileRef = 69B5A7CB0471DBA300F95509 /* CRSXTController.m */; };
		69E24E2D07A5C29700DDC096 /* CRSStateSystem.h in Resources */ = {isa = PBXBuildFile; fileRef = 694879F10486AA2000FE06D7 /* CRSStateSystem.h */; };
		69E24E2E07A5C29800DDC096 /* CRSStateSystem.m in Sources */ = {isa = PBXBuildFile; fileRef = 694879F20486AA2000FE06D7 /* CRSStateSystem.m */; };
		69E24E2F07A5C29900DDC096 /* CRSBlockedState.h in Resources */ = {isa = PBXBuildFile; fileRef = 69E8A0480486D97300FE06D7 /* CRSBlockedState.h */; };
		69E24E3007A5C29A00DDC096 /* CRSBlockedState.m in Sources */ = {isa = PBXBuildFile; fileRef = 69E8A0490486D97300FE06D7 /* CRSBlockedState.m */; };
		69E24E3107A5C29B00DDC096 /* CRSEndtrialState.h in Resources */ = {isa = PBXBuildFile; fileRef = 69E8A0400486D3B700FE06D7 /* CRSEndtrialState.h */; };
		69E24E3207A5C29B00DDC096 /* CRSEndtrialState.m in Sources */ = {isa = PBXBuildFile; fileRef = 69E8A0410486D3B700FE06D7 /* CRSEndtrialState.m */; };
		69E24E3307A5C29C00DDC096 /* CRSFixonState.h in Resources */ = {isa = PBXBuildFile; fileRef = 69E8A04C0486DB1300FE06D7 /* CRSFixonState.h */; };
		69E24E3407A5C29D00DDC096 /* CRSFixonState.m in Sources */ = {isa = PBXBuildFile; fileRef = 69E8A04D0486DB1300FE06D7 /* CRSFixonState.m */; };
		69E24E3707A5C29F00DDC096 /* CRSIdleState.h in Resources */ = {isa = PBXBuildFile; fileRef = 694879FD0486B06A00FE06D7 /* CRSIdleState.h */; };
		69E24E3807A5C2A000DDC096 /* CRSIdleState.m in Sources */ = {isa = PBXBuildFile; fileRef = 694879FE0486B06A00FE06D7 /* CRSIdleState.m */; };
		69E24E3907A5C2A000DDC096 /* CRSIntertrialState.h in Resources */ = {isa = PBXBuildFile; fileRef = 6983253D0486BE9600FE06D7 /* CRSIntertrialState.h */; };
		69E24E3A07A5C2A100DDC096 /* CRSIntertrialState.m in Sources */ = {isa = PBXBuildFile; fileRef = 6983253E0486BE9600FE06D7 /* CRSIntertrialState.m */; };
		69E24E3B07A5C2A200DDC096 /* CRSStimulate.h in Resources */ = {isa = PBXBuildFile; fileRef = 69E8A05C0486F0A700FE06D7 /* CRSStimulate.h */; };
		69E24E3C07A5C2A300DDC096 /* CRSStimulate.m in Sources */ = {isa = PBXBuildFile; fileRef = 69E8A05D0486F0A700FE06D7 /* CRSStimulate.m */; };
		69E24E4307A5C2AC00DDC096 /* CRSReactState.h in Resources */ = {isa = PBXBuildFile; fileRef = 69E8A0640486F23700FE06D7 /* CRSReactState.h */; };
		69E24E4407A5C2AC00DDC096 /* CRSReactState.m in Sources */ = {isa = PBXBuildFile; fileRef = 69E8A0650486F23700FE06D7 /* CRSReactState.m */; };
		69E24E4507A5C2AD00DDC096 /* CRSSaccadeState.h in Resources */ = {isa = PBXBuildFile; fileRef = 69F443A305DEE56D000705E2 /* CRSSaccadeState.h */; };
		69E24E4607A5C2AE00DDC096 /* CRSSaccadeState.m in Sources */ = {isa = PBXBuildFile; fileRef = 69F443A405DEE56D000705E2 /* CRSSaccadeState.m */; };
		69E24E4907A5C2B000DDC096 /* CRSStarttrialState.h in Resources */ = {isa = PBXBuildFile; fileRef = 69E8A0440486D59800FE06D7 /* CRSStarttrialState.h */; };
		69E24E4A07A5C2B000DDC096 /* CRSStarttrialState.m in Sources */ = {isa = PBXBuildFile; fileRef = 69E8A0450486D59800FE06D7 /* CRSStarttrialState.m */; };
		69E24E4B07A5C2B100DDC096 /* CRSStopState.h in Resources */ = {isa = PBXBuildFile; fileRef = 694879F90486AF9300FE06D7 /* CRSStopState.h */; };
		69E24E4C07A5C2B200DDC096 /* CRSStopState.m in Sources */ = {isa = PBXBuildFile; fileRef = 694879FA0486AF9300FE06D7 /* CRSStopState.m */; };
		69E24E4F07A5C2BB00DDC096 /* CRSMap_Prefix.h in Resources */ = {isa = PBXBuildFile; fileRef = 69E247A107A5527C00DDC096 /* CRSMap_Prefix.h */; };
		69E24E5007A5C2BC00DDC096 /* CRS.h in Resources */ = {isa = PBXBuildFile; fileRef = 69E247A207A5527C00DDC096 /* CRS.h */; };
		69E24E5107A5C2BD00DDC096 /* main.m in Sources */ = {isa = PBXBuildFile; fileRef = 29B97316FDCFA39411CA2CEA /* main.m */; };
		69E24E5207A5C2BD00DDC096 /* UtilityFunctions.h in Resources */ = {isa = PBXBuildFile; fileRef = 69E7FC6E04DBE6EF00F95507 /* UtilityFunctions.h */; };
		69E24E5307A5C2BE00DDC096 /* UtilityFunctions.m in Sources */ = {isa = PBXBuildFile; fileRef = 69975550043E645C00F95509 /* UtilityFunctions.m */; };
		69E24E5407A5C2C300DDC096 /* InfoPlist.strings in Resources */ = {isa = PBXBuildFile; fileRef = 089C165CFE840E0CC02AAC07 /* InfoPlist.strings */; };
		69E24E5507A5C2C400DDC096 /* CRSMap.nib in Resources */ = {isa = PBXBuildFile; fileRef = 29B97318FDCFA39411CA2CEA /* CRSMap.nib */; };
		69E24E5607A5C2C500DDC096 /* CRSBehaviorController.nib in Resources */ = {isa = PBXBuildFile; fileRef = 69B5A7C70471D9E400F95509 /* CRSBehaviorController.nib */; };
		69E24E5707A5C2C500DDC096 /* CRSEyeXYController.nib in Resources */ = {isa = PBXBuildFile; fileRef = 69E96F950472CCC300F95509 /* CRSEyeXYController.nib */; };
		69E24E5807A5C2C700DDC096 /* CRSSpikeController.nib in Resources */ = {isa = PBXBuildFile; fileRef = 69F13A6304716D0D00F95509 /* CRSSpikeController.nib */; };
		69E24E5A07A5C2C900DDC096 /* CRSSummaryController.nib in Resources */ = {isa = PBXBuildFile; fileRef = 69B9AE6F0482FB9F00F95509 /* CRSSummaryController.nib */; };
		69E24E5B07A5C2C900DDC096 /* CRSXTController.nib in Resources */ = {isa = PBXBuildFile; fileRef = 690B7991047ADABA00A80164 /* CRSXTController.nib */; };
		69E24E5C07A5C2D100DDC096 /* UserDefaults.plist in Resources */ = {isa = PBXBuildFile; fileRef = 696D8C8A075D683B0057453A /* UserDefaults.plist */; };
		69E24E5E07A5C2E100DDC096 /* Cocoa.framework in Frameworks */ = {isa = PBXBuildFile; fileRef = 1058C7A1FEA54F0111CA2CBB /* Cocoa.framework */; };
		69E24E6207A5C2E200DDC096 /* OpenGL.framework in Frameworks */ = {isa = PBXBuildFile; fileRef = E7A443DD0132ED6B0ACA2124 /* OpenGL.framework */; };
		69E24E7407A5C34300DDC096 /* AppKit.framework in Frameworks */ = {isa = PBXBuildFile; fileRef = 29B97324FDCFA39411CA2CEA /* AppKit.framework */; };
		69E24F0907A5C34400DDC096 /* Foundation.framework in Frameworks */ = {isa = PBXBuildFile; fileRef = 29B97325FDCFA39411CA2CEA /* Foundation.framework */; };
		A1F6F3E21883BE4B00B32245 /* CRSStimuli.m in Sources */ = {isa = PBXBuildFile; fileRef = 69EAD87004352E4F00F95509 /* CRSStimuli.m */; };
		AF0220F80B37000B0029778E /* CRSTooFastState.m in Sources */ = {isa = PBXBuildFile; fileRef = AF0220F70B37000B0029778E /* CRSTooFastState.m */; };
		AFCACCF80B9D2F610033D226 /* CRSRoundToStimCycle.m in Sources */ = {isa = PBXBuildFile; fileRef = AFCACCF70B9D2F610033D226 /* CRSRoundToStimCycle.m */; };
		FC1EC3730F5F3E6300C95582 /* CRSDigitalOut.m in Sources */ = {isa = PBXBuildFile; fileRef = FC1EC3720F5F3E6300C95582 /* CRSDigitalOut.m */; };
		FCCE5D140CC7BE8200E610EE /* CRSStimulusMapping.nib in Resources */ = {isa = PBXBuildFile; fileRef = FCCE5D120CC7BE8200E610EE /* CRSStimulusMapping.nib */; };
/* End PBXBuildFile section */

/* Begin PBXFileReference section */
		089C165DFE840E0CC02AAC07 /* English */ = {isa = PBXFileReference; fileEncoding = 10; lastKnownFileType = text.plist.strings; name = English; path = English.lproj/InfoPlist.strings; sourceTree = "<group>"; };
		1058C7A1FEA54F0111CA2CBB /* Cocoa.framework */ = {isa = PBXFileReference; lastKnownFileType = wrapper.framework; name = Cocoa.framework; path = /System/Library/Frameworks/Cocoa.framework; sourceTree = "<absolute>"; };
		29B97316FDCFA39411CA2CEA /* main.m */ = {isa = PBXFileReference; fileEncoding = 30; lastKnownFileType = sourcecode.c.objc; path = main.m; sourceTree = "<group>"; };
		29B97319FDCFA39411CA2CEA /* English */ = {isa = PBXFileReference; lastKnownFileType = wrapper.nib; name = English; path = English.lproj/CRSMap.nib; sourceTree = "<group>"; };
		29B97324FDCFA39411CA2CEA /* AppKit.framework */ = {isa = PBXFileReference; lastKnownFileType = wrapper.framework; name = AppKit.framework; path = /System/Library/Frameworks/AppKit.framework; sourceTree = "<absolute>"; };
		29B97325FDCFA39411CA2CEA /* Foundation.framework */ = {isa = PBXFileReference; lastKnownFileType = wrapper.framework; name = Foundation.framework; path = /System/Library/Frameworks/Foundation.framework; sourceTree = "<absolute>"; };
		5DA33CFE19518B8D00D1C035 /* CRSUtilities.h */ = {isa = PBXFileReference; fileEncoding = 4; lastKnownFileType = sourcecode.c.h; path = CRSUtilities.h; sourceTree = "<group>"; };
		5DA33CFF19518B8D00D1C035 /* CRSUtilities.m */ = {isa = PBXFileReference; fileEncoding = 4; lastKnownFileType = sourcecode.c.objc; path = CRSUtilities.m; sourceTree = "<group>"; };
		690B798D047ADA9F00A80164 /* CRSBehaviorController.h */ = {isa = PBXFileReference; fileEncoding = 30; lastKnownFileType = sourcecode.c.h; path = CRSBehaviorController.h; sourceTree = "<group>"; };
		690B798E047ADA9F00A80164 /* CRSBehaviorController.m */ = {isa = PBXFileReference; fileEncoding = 30; lastKnownFileType = sourcecode.c.objc; path = CRSBehaviorController.m; sourceTree = "<group>"; };
		690B7992047ADABA00A80164 /* English */ = {isa = PBXFileReference; lastKnownFileType = wrapper.nib; name = English; path = English.lproj/CRSXTController.nib; sourceTree = "<group>"; };
		692E5AAD0CDBECE300E0BCB8 /* CRSMapStimTable.h */ = {isa = PBXFileReference; fileEncoding = 4; lastKnownFileType = sourcecode.c.h; path = CRSMapStimTable.h; sourceTree = "<group>"; };
		692E5AAE0CDBECE300E0BCB8 /* CRSMapStimTable.m */ = {isa = PBXFileReference; fileEncoding = 4; lastKnownFileType = sourcecode.c.objc; path = CRSMapStimTable.m; sourceTree = "<group>"; };
		693BB74115C8005500390101 /* Lablib.framework */ = {isa = PBXFileReference; lastKnownFileType = wrapper.framework; name = Lablib.framework; path = ../../../../Documents/Lablib/Frameworks/Lablib/build/Development/Lablib.framework; sourceTree = "<group>"; };
		694879F10486AA2000FE06D7 /* CRSStateSystem.h */ = {isa = PBXFileReference; fileEncoding = 4; lastKnownFileType = sourcecode.c.h; path = CRSStateSystem.h; sourceTree = "<group>"; };
		694879F20486AA2000FE06D7 /* CRSStateSystem.m */ = {isa = PBXFileReference; fileEncoding = 4; lastKnownFileType = sourcecode.c.objc; path = CRSStateSystem.m; sourceTree = "<group>"; };
		694879F90486AF9300FE06D7 /* CRSStopState.h */ = {isa = PBXFileReference; fileEncoding = 4; lastKnownFileType = sourcecode.c.h; path = CRSStopState.h; sourceTree = "<group>"; };
		694879FA0486AF9300FE06D7 /* CRSStopState.m */ = {isa = PBXFileReference; fileEncoding = 4; lastKnownFileType = sourcecode.c.objc; path = CRSStopState.m; sourceTree = "<group>"; };
		694879FD0486B06A00FE06D7 /* CRSIdleState.h */ = {isa = PBXFileReference; fileEncoding = 4; lastKnownFileType = sourcecode.c.h; path = CRSIdleState.h; sourceTree = "<group>"; };
		694879FE0486B06A00FE06D7 /* CRSIdleState.m */ = {isa = PBXFileReference; fileEncoding = 4; lastKnownFileType = sourcecode.c.objc; path = CRSIdleState.m; sourceTree = "<group>"; };
		695982CF080209EB0090B9A6 /* CRSFixGraceState.h */ = {isa = PBXFileReference; fileEncoding = 4; lastKnownFileType = sourcecode.c.h; path = CRSFixGraceState.h; sourceTree = "<group>"; };
		695982D0080209EB0090B9A6 /* CRSFixGraceState.m */ = {isa = PBXFileReference; fileEncoding = 4; lastKnownFileType = sourcecode.c.objc; path = CRSFixGraceState.m; sourceTree = "<group>"; };
		695C12F509B108880021A27D /* CRSFixateState.h */ = {isa = PBXFileReference; fileEncoding = 4; lastKnownFileType = sourcecode.c.h; path = CRSFixateState.h; sourceTree = "<group>"; };
		695C12F609B108880021A27D /* CRSFixateState.m */ = {isa = PBXFileReference; fileEncoding = 4; lastKnownFileType = sourcecode.c.objc; path = CRSFixateState.m; sourceTree = "<group>"; };
		6968EA58059DDD1900E33065 /* Notes.txt */ = {isa = PBXFileReference; fileEncoding = 4; lastKnownFileType = text; path = Notes.txt; sourceTree = "<group>"; };
		696D8C8A075D683B0057453A /* UserDefaults.plist */ = {isa = PBXFileReference; fileEncoding = 30; lastKnownFileType = text.plist.xml; path = UserDefaults.plist; sourceTree = "<group>"; };
		6983253D0486BE9600FE06D7 /* CRSIntertrialState.h */ = {isa = PBXFileReference; fileEncoding = 4; lastKnownFileType = sourcecode.c.h; path = CRSIntertrialState.h; sourceTree = "<group>"; };
		6983253E0486BE9600FE06D7 /* CRSIntertrialState.m */ = {isa = PBXFileReference; fileEncoding = 4; lastKnownFileType = sourcecode.c.objc; path = CRSIntertrialState.m; sourceTree = "<group>"; };
		69975550043E645C00F95509 /* UtilityFunctions.m */ = {isa = PBXFileReference; fileEncoding = 4; lastKnownFileType = sourcecode.c.objc; path = UtilityFunctions.m; sourceTree = "<group>"; };
		69B5A7C80471D9E400F95509 /* English */ = {isa = PBXFileReference; lastKnownFileType = wrapper.nib; name = English; path = English.lproj/CRSBehaviorController.nib; sourceTree = "<group>"; };
		69B5A7CA0471DBA300F95509 /* CRSXTController.h */ = {isa = PBXFileReference; fileEncoding = 30; lastKnownFileType = sourcecode.c.h; path = CRSXTController.h; sourceTree = "<group>"; };
		69B5A7CB0471DBA300F95509 /* CRSXTController.m */ = {isa = PBXFileReference; fileEncoding = 30; lastKnownFileType = sourcecode.c.objc; path = CRSXTController.m; sourceTree = "<group>"; };
		69B9AE700482FB9F00F95509 /* English */ = {isa = PBXFileReference; lastKnownFileType = wrapper.nib; name = English; path = English.lproj/CRSSummaryController.nib; sourceTree = "<group>"; };
		69B9AE720482FBDD00F95509 /* CRSSummaryController.h */ = {isa = PBXFileReference; fileEncoding = 30; lastKnownFileType = sourcecode.c.h; path = CRSSummaryController.h; sourceTree = "<group>"; };
		69B9AE730482FBDD00F95509 /* CRSSummaryController.m */ = {isa = PBXFileReference; fileEncoding = 30; lastKnownFileType = sourcecode.c.objc; path = CRSSummaryController.m; sourceTree = "<group>"; };
		69E247A107A5527C00DDC096 /* CRSMap_Prefix.h */ = {isa = PBXFileReference; fileEncoding = 30; lastKnownFileType = sourcecode.c.h; path = CRSMap_Prefix.h; sourceTree = "<group>"; };
		69E247A207A5527C00DDC096 /* CRS.h */ = {isa = PBXFileReference; fileEncoding = 30; lastKnownFileType = sourcecode.c.h; path = CRS.h; sourceTree = "<group>"; };
		69E247A907A5529700DDC096 /* Info.plist */ = {isa = PBXFileReference; fileEncoding = 30; lastKnownFileType = text.plist.xml; path = Info.plist; sourceTree = "<group>"; };
		69E247C907A5562500DDC096 /* CRSMap.h */ = {isa = PBXFileReference; fileEncoding = 4; lastKnownFileType = sourcecode.c.h; path = CRSMap.h; sourceTree = "<group>"; };
		69E247CA07A5562500DDC096 /* CRSMap.m */ = {isa = PBXFileReference; fileEncoding = 4; lastKnownFileType = sourcecode.c.objc; path = CRSMap.m; sourceTree = "<group>"; };
		69E24E1607A5C21F00DDC096 /* CRSMap.plugin */ = {isa = PBXFileReference; explicitFileType = wrapper.cfbundle; includeInIndex = 0; path = CRSMap.plugin; sourceTree = BUILT_PRODUCTS_DIR; };
		69E7FC6E04DBE6EF00F95507 /* UtilityFunctions.h */ = {isa = PBXFileReference; fileEncoding = 4; lastKnownFileType = sourcecode.c.h; path = UtilityFunctions.h; sourceTree = "<group>"; };
		69E8A0400486D3B700FE06D7 /* CRSEndtrialState.h */ = {isa = PBXFileReference; fileEncoding = 4; lastKnownFileType = sourcecode.c.h; path = CRSEndtrialState.h; sourceTree = "<group>"; };
		69E8A0410486D3B700FE06D7 /* CRSEndtrialState.m */ = {isa = PBXFileReference; fileEncoding = 4; lastKnownFileType = sourcecode.c.objc; path = CRSEndtrialState.m; sourceTree = "<group>"; };
		69E8A0440486D59800FE06D7 /* CRSStarttrialState.h */ = {isa = PBXFileReference; fileEncoding = 4; lastKnownFileType = sourcecode.c.h; path = CRSStarttrialState.h; sourceTree = "<group>"; };
		69E8A0450486D59800FE06D7 /* CRSStarttrialState.m */ = {isa = PBXFileReference; fileEncoding = 4; lastKnownFileType = sourcecode.c.objc; path = CRSStarttrialState.m; sourceTree = "<group>"; };
		69E8A0480486D97300FE06D7 /* CRSBlockedState.h */ = {isa = PBXFileReference; fileEncoding = 4; lastKnownFileType = sourcecode.c.h; path = CRSBlockedState.h; sourceTree = "<group>"; };
		69E8A0490486D97300FE06D7 /* CRSBlockedState.m */ = {isa = PBXFileReference; fileEncoding = 4; lastKnownFileType = sourcecode.c.objc; path = CRSBlockedState.m; sourceTree = "<group>"; };
		69E8A04C0486DB1300FE06D7 /* CRSFixonState.h */ = {isa = PBXFileReference; fileEncoding = 4; lastKnownFileType = sourcecode.c.h; path = CRSFixonState.h; sourceTree = "<group>"; };
		69E8A04D0486DB1300FE06D7 /* CRSFixonState.m */ = {isa = PBXFileReference; fileEncoding = 4; lastKnownFileType = sourcecode.c.objc; path = CRSFixonState.m; sourceTree = "<group>"; };
		69E8A05C0486F0A700FE06D7 /* CRSStimulate.h */ = {isa = PBXFileReference; fileEncoding = 4; lastKnownFileType = sourcecode.c.h; path = CRSStimulate.h; sourceTree = "<group>"; };
		69E8A05D0486F0A700FE06D7 /* CRSStimulate.m */ = {isa = PBXFileReference; fileEncoding = 4; lastKnownFileType = sourcecode.c.objc; path = CRSStimulate.m; sourceTree = "<group>"; };
		69E8A0640486F23700FE06D7 /* CRSReactState.h */ = {isa = PBXFileReference; fileEncoding = 4; lastKnownFileType = sourcecode.c.h; path = CRSReactState.h; sourceTree = "<group>"; };
		69E8A0650486F23700FE06D7 /* CRSReactState.m */ = {isa = PBXFileReference; fileEncoding = 4; lastKnownFileType = sourcecode.c.objc; path = CRSReactState.m; sourceTree = "<group>"; };
		69E96F8D0472CC5C00F95509 /* CRSEyeXYController.h */ = {isa = PBXFileReference; fileEncoding = 30; lastKnownFileType = sourcecode.c.h; path = CRSEyeXYController.h; sourceTree = "<group>"; };
		69E96F8E0472CC5C00F95509 /* CRSEyeXYController.m */ = {isa = PBXFileReference; fileEncoding = 30; lastKnownFileType = sourcecode.c.objc; path = CRSEyeXYController.m; sourceTree = "<group>"; };
		69E96F960472CCC300F95509 /* English */ = {isa = PBXFileReference; lastKnownFileType = wrapper.nib; name = English; path = English.lproj/CRSEyeXYController.nib; sourceTree = "<group>"; };
		69EAD86F04352E4F00F95509 /* CRSStimuli.h */ = {isa = PBXFileReference; fileEncoding = 30; lastKnownFileType = sourcecode.c.h; path = CRSStimuli.h; sourceTree = "<group>"; };
		69EAD87004352E4F00F95509 /* CRSStimuli.m */ = {isa = PBXFileReference; fileEncoding = 30; lastKnownFileType = sourcecode.c.objc; path = CRSStimuli.m; sourceTree = "<group>"; };
		69F13A5F04716CF400F95509 /* CRSSpikeController.h */ = {isa = PBXFileReference; fileEncoding = 30; lastKnownFileType = sourcecode.c.h; path = CRSSpikeController.h; sourceTree = "<group>"; };
		69F13A6004716CF400F95509 /* CRSSpikeController.m */ = {isa = PBXFileReference; fileEncoding = 30; lastKnownFileType = sourcecode.c.objc; path = CRSSpikeController.m; sourceTree = "<group>"; };
		69F13A6404716D0D00F95509 /* English */ = {isa = PBXFileReference; lastKnownFileType = wrapper.nib; name = English; path = English.lproj/CRSSpikeController.nib; sourceTree = "<group>"; };
		69F443A305DEE56D000705E2 /* CRSSaccadeState.h */ = {isa = PBXFileReference; fileEncoding = 30; lastKnownFileType = sourcecode.c.h; path = CRSSaccadeState.h; sourceTree = "<group>"; };
		69F443A405DEE56D000705E2 /* CRSSaccadeState.m */ = {isa = PBXFileReference; fileEncoding = 30; lastKnownFileType = sourcecode.c.objc; path = CRSSaccadeState.m; sourceTree = "<group>"; };
		AF0220F60B36FFEA0029778E /* CRSTooFastState.h */ = {isa = PBXFileReference; fileEncoding = 30; lastKnownFileType = sourcecode.c.h; path = CRSTooFastState.h; sourceTree = "<group>"; };
		AF0220F70B37000B0029778E /* CRSTooFastState.m */ = {isa = PBXFileReference; fileEncoding = 30; lastKnownFileType = sourcecode.c.objc; path = CRSTooFastState.m; sourceTree = "<group>"; };
		AFCACCF60B9D2F610033D226 /* CRSRoundToStimCycle.h */ = {isa = PBXFileReference; fileEncoding = 4; lastKnownFileType = sourcecode.c.h; path = CRSRoundToStimCycle.h; sourceTree = "<group>"; };
		AFCACCF70B9D2F610033D226 /* CRSRoundToStimCycle.m */ = {isa = PBXFileReference; fileEncoding = 4; lastKnownFileType = sourcecode.c.objc; path = CRSRoundToStimCycle.m; sourceTree = "<group>"; };
		E7A443DD0132ED6B0ACA2124 /* OpenGL.framework */ = {isa = PBXFileReference; lastKnownFileType = wrapper.framework; name = OpenGL.framework; path = /System/Library/Frameworks/OpenGL.framework; sourceTree = "<absolute>"; };
		FC1EC3720F5F3E6300C95582 /* CRSDigitalOut.m */ = {isa = PBXFileReference; fileEncoding = 4; lastKnownFileType = sourcecode.c.objc; path = CRSDigitalOut.m; sourceTree = "<group>"; };
		FC1EC3790F5F3E9800C95582 /* CRSDigitalOut.h */ = {isa = PBXFileReference; fileEncoding = 4; lastKnownFileType = sourcecode.c.h; path = CRSDigitalOut.h; sourceTree = "<group>"; };
		FCCE5D130CC7BE8200E610EE /* English */ = {isa = PBXFileReference; lastKnownFileType = wrapper.nib; name = English; path = English.lproj/CRSStimulusMapping.nib; sourceTree = "<group>"; };
/* End PBXFileReference section */

/* Begin PBXFrameworksBuildPhase section */
		69E24E1407A5C21F00DDC096 /* Frameworks */ = {
			isa = PBXFrameworksBuildPhase;
			buildActionMask = 2147483647;
			files = (
				69E24E5E07A5C2E100DDC096 /* Cocoa.framework in Frameworks */,
				69E24E6207A5C2E200DDC096 /* OpenGL.framework in Frameworks */,
				69E24E7407A5C34300DDC096 /* AppKit.framework in Frameworks */,
				69E24F0907A5C34400DDC096 /* Foundation.framework in Frameworks */,
				693BB74215C8005500390101 /* Lablib.framework in Frameworks */,
			);
			runOnlyForDeploymentPostprocessing = 0;
		};
/* End PBXFrameworksBuildPhase section */

/* Begin PBXGroup section */
		080E96DDFE201D6D7F000001 /* Classes */ = {
			isa = PBXGroup;
			children = (
				696D3833059E19DE0018E5D5 /* Controllers */,
				694879ED0486A83B00FE06D7 /* On-line Display */,
				694879EE0486A85E00FE06D7 /* State System */,
				AFCB086E0B9E0F4600422186 /* Transformers */,
			);
			name = Classes;
			sourceTree = "<group>";
		};
		1058C7A0FEA54F0111CA2CBB /* Linked Frameworks */ = {
			isa = PBXGroup;
			children = (
				1058C7A1FEA54F0111CA2CBB /* Cocoa.framework */,
			);
			name = "Linked Frameworks";
			sourceTree = "<group>";
		};
		1058C7A2FEA54F0111CA2CBB /* Other Frameworks */ = {
			isa = PBXGroup;
			children = (
				693BB74115C8005500390101 /* Lablib.framework */,
				29B97324FDCFA39411CA2CEA /* AppKit.framework */,
				29B97325FDCFA39411CA2CEA /* Foundation.framework */,
				E7A443DD0132ED6B0ACA2124 /* OpenGL.framework */,
			);
			name = "Other Frameworks";
			sourceTree = "<group>";
		};
		19C28FACFE9D520D11CA2CBB /* Products */ = {
			isa = PBXGroup;
			children = (
				69E24E1607A5C21F00DDC096 /* CRSMap.plugin */,
			);
			name = Products;
			sourceTree = "<group>";
		};
		29B97314FDCFA39411CA2CEA /* terstes */ = {
			isa = PBXGroup;
			children = (
				6968EA58059DDD1900E33065 /* Notes.txt */,
				080E96DDFE201D6D7F000001 /* Classes */,
				29B97315FDCFA39411CA2CEA /* Other Sources */,
				29B97317FDCFA39411CA2CEA /* Resources */,
				69C1CC640827E43C00A71FDE /* Plists */,
				29B97323FDCFA39411CA2CEA /* Frameworks */,
				19C28FACFE9D520D11CA2CBB /* Products */,
			);
			name = terstes;
			sourceTree = "<group>";
		};
		29B97315FDCFA39411CA2CEA /* Other Sources */ = {
			isa = PBXGroup;
			children = (
				69E247A107A5527C00DDC096 /* CRSMap_Prefix.h */,
				69E247A207A5527C00DDC096 /* CRS.h */,
				29B97316FDCFA39411CA2CEA /* main.m */,
				69E7FC6E04DBE6EF00F95507 /* UtilityFunctions.h */,
				69975550043E645C00F95509 /* UtilityFunctions.m */,
				5DA33CFE19518B8D00D1C035 /* CRSUtilities.h */,
				5DA33CFF19518B8D00D1C035 /* CRSUtilities.m */,
			);
			name = "Other Sources";
			sourceTree = "<group>";
		};
		29B97317FDCFA39411CA2CEA /* Resources */ = {
			isa = PBXGroup;
			children = (
				089C165CFE840E0CC02AAC07 /* InfoPlist.strings */,
				29B97318FDCFA39411CA2CEA /* CRSMap.nib */,
				69B5A7C70471D9E400F95509 /* CRSBehaviorController.nib */,
				69E96F950472CCC300F95509 /* CRSEyeXYController.nib */,
				69F13A6304716D0D00F95509 /* CRSSpikeController.nib */,
				69B9AE6F0482FB9F00F95509 /* CRSSummaryController.nib */,
				690B7991047ADABA00A80164 /* CRSXTController.nib */,
				FCCE5D120CC7BE8200E610EE /* CRSStimulusMapping.nib */,
			);
			name = Resources;
			sourceTree = "<group>";
		};
		29B97323FDCFA39411CA2CEA /* Frameworks */ = {
			isa = PBXGroup;
			children = (
				1058C7A0FEA54F0111CA2CBB /* Linked Frameworks */,
				1058C7A2FEA54F0111CA2CBB /* Other Frameworks */,
			);
			name = Frameworks;
			sourceTree = "<group>";
		};
		694879ED0486A83B00FE06D7 /* On-line Display */ = {
			isa = PBXGroup;
			children = (
				690B798D047ADA9F00A80164 /* CRSBehaviorController.h */,
				690B798E047ADA9F00A80164 /* CRSBehaviorController.m */,
				69E96F8D0472CC5C00F95509 /* CRSEyeXYController.h */,
				69E96F8E0472CC5C00F95509 /* CRSEyeXYController.m */,
				69F13A5F04716CF400F95509 /* CRSSpikeController.h */,
				69F13A6004716CF400F95509 /* CRSSpikeController.m */,
				69B9AE720482FBDD00F95509 /* CRSSummaryController.h */,
				69B9AE730482FBDD00F95509 /* CRSSummaryController.m */,
				69B5A7CA0471DBA300F95509 /* CRSXTController.h */,
				69B5A7CB0471DBA300F95509 /* CRSXTController.m */,
			);
			name = "On-line Display";
			sourceTree = "<group>";
		};
		694879EE0486A85E00FE06D7 /* State System */ = {
			isa = PBXGroup;
			children = (
				694879F10486AA2000FE06D7 /* CRSStateSystem.h */,
				694879F20486AA2000FE06D7 /* CRSStateSystem.m */,
				69E8A0480486D97300FE06D7 /* CRSBlockedState.h */,
				69E8A0490486D97300FE06D7 /* CRSBlockedState.m */,
				69E8A0400486D3B700FE06D7 /* CRSEndtrialState.h */,
				69E8A0410486D3B700FE06D7 /* CRSEndtrialState.m */,
				695982CF080209EB0090B9A6 /* CRSFixGraceState.h */,
				695982D0080209EB0090B9A6 /* CRSFixGraceState.m */,
				69E8A04C0486DB1300FE06D7 /* CRSFixonState.h */,
				69E8A04D0486DB1300FE06D7 /* CRSFixonState.m */,
				694879FD0486B06A00FE06D7 /* CRSIdleState.h */,
				694879FE0486B06A00FE06D7 /* CRSIdleState.m */,
				6983253D0486BE9600FE06D7 /* CRSIntertrialState.h */,
				6983253E0486BE9600FE06D7 /* CRSIntertrialState.m */,
				695C12F509B108880021A27D /* CRSFixateState.h */,
				695C12F609B108880021A27D /* CRSFixateState.m */,
				69E8A0640486F23700FE06D7 /* CRSReactState.h */,
				69E8A0650486F23700FE06D7 /* CRSReactState.m */,
				69F443A305DEE56D000705E2 /* CRSSaccadeState.h */,
				69F443A405DEE56D000705E2 /* CRSSaccadeState.m */,
				69E8A0440486D59800FE06D7 /* CRSStarttrialState.h */,
				69E8A0450486D59800FE06D7 /* CRSStarttrialState.m */,
				69E8A05C0486F0A700FE06D7 /* CRSStimulate.h */,
				69E8A05D0486F0A700FE06D7 /* CRSStimulate.m */,
				694879F90486AF9300FE06D7 /* CRSStopState.h */,
				694879FA0486AF9300FE06D7 /* CRSStopState.m */,
				AF0220F60B36FFEA0029778E /* CRSTooFastState.h */,
				AF0220F70B37000B0029778E /* CRSTooFastState.m */,
			);
			name = "State System";
			sourceTree = "<group>";
		};
		696D3833059E19DE0018E5D5 /* Controllers */ = {
			isa = PBXGroup;
			children = (
				69E247C907A5562500DDC096 /* CRSMap.h */,
				69E247CA07A5562500DDC096 /* CRSMap.m */,
				FC1EC3790F5F3E9800C95582 /* CRSDigitalOut.h */,
				FC1EC3720F5F3E6300C95582 /* CRSDigitalOut.m */,
				69EAD86F04352E4F00F95509 /* CRSStimuli.h */,
				69EAD87004352E4F00F95509 /* CRSStimuli.m */,
				692E5AAD0CDBECE300E0BCB8 /* CRSMapStimTable.h */,
				692E5AAE0CDBECE300E0BCB8 /* CRSMapStimTable.m */,
			);
			name = Controllers;
			sourceTree = "<group>";
		};
		69C1CC640827E43C00A71FDE /* Plists */ = {
			isa = PBXGroup;
			children = (
				696D8C8A075D683B0057453A /* UserDefaults.plist */,
				69E247A907A5529700DDC096 /* Info.plist */,
			);
			name = Plists;
			sourceTree = "<group>";
		};
		AFCB086E0B9E0F4600422186 /* Transformers */ = {
			isa = PBXGroup;
			children = (
				AFCACCF60B9D2F610033D226 /* CRSRoundToStimCycle.h */,
				AFCACCF70B9D2F610033D226 /* CRSRoundToStimCycle.m */,
			);
			name = Transformers;
			sourceTree = "<group>";
		};
/* End PBXGroup section */

/* Begin PBXNativeTarget section */
		69E24E1507A5C21F00DDC096 /* CRSMap */ = {
			isa = PBXNativeTarget;
			buildConfigurationList = 69B8D0E9088DAADA002FCFD4 /* Build configuration list for PBXNativeTarget "CRSMap" */;
			buildPhases = (
				69E24E1207A5C21F00DDC096 /* Resources */,
				69E24E1307A5C21F00DDC096 /* Sources */,
				69E24E1407A5C21F00DDC096 /* Frameworks */,
			);
			buildRules = (
			);
			dependencies = (
			);
			name = CRSMap;
			productName = OrientationChange;
			productReference = 69E24E1607A5C21F00DDC096 /* CRSMap.plugin */;
			productType = "com.apple.product-type.bundle";
		};
/* End PBXNativeTarget section */

/* Begin PBXProject section */
		29B97313FDCFA39411CA2CEA /* Project object */ = {
			isa = PBXProject;
			attributes = {
				LastUpgradeCheck = 0510;
			};
			buildConfigurationList = 69B8D0ED088DAADA002FCFD4 /* Build configuration list for PBXProject "CRSMap" */;
			compatibilityVersion = "Xcode 3.2";
			developmentRegion = English;
			hasScannedForEncodings = 1;
			knownRegions = (
				English,
				Japanese,
				French,
				German,
			);
			mainGroup = 29B97314FDCFA39411CA2CEA /* terstes */;
			projectDirPath = "";
			projectRoot = "";
			targets = (
				69E24E1507A5C21F00DDC096 /* CRSMap */,
			);
		};
/* End PBXProject section */

/* Begin PBXResourcesBuildPhase section */
		69E24E1207A5C21F00DDC096 /* Resources */ = {
			isa = PBXResourcesBuildPhase;
			buildActionMask = 2147483647;
			files = (
				69E24E1B07A5C25A00DDC096 /* CRSMap.h in Resources */,
				695982D1080209EB0090B9A6 /* CRSFixGraceState.h in Resources */,
				69E24E1E07A5C25E00DDC096 /* CRSStimuli.h in Resources */,
				69E24E2107A5C27000DDC096 /* CRSBehaviorController.h in Resources */,
				69E24E2307A5C27200DDC096 /* CRSEyeXYController.h in Resources */,
				69E24E2507A5C27300DDC096 /* CRSSpikeController.h in Resources */,
				69E24E2707A5C27400DDC096 /* CRSSummaryController.h in Resources */,
				69E24E2907A5C27700DDC096 /* CRSXTController.h in Resources */,
				69E24E2D07A5C29700DDC096 /* CRSStateSystem.h in Resources */,
				69E24E2F07A5C29900DDC096 /* CRSBlockedState.h in Resources */,
				69E24E3107A5C29B00DDC096 /* CRSEndtrialState.h in Resources */,
				69E24E3307A5C29C00DDC096 /* CRSFixonState.h in Resources */,
				69E24E3707A5C29F00DDC096 /* CRSIdleState.h in Resources */,
				69E24E3907A5C2A000DDC096 /* CRSIntertrialState.h in Resources */,
				69E24E3B07A5C2A200DDC096 /* CRSStimulate.h in Resources */,
				69E24E4307A5C2AC00DDC096 /* CRSReactState.h in Resources */,
				69E24E4507A5C2AD00DDC096 /* CRSSaccadeState.h in Resources */,
				69E24E4907A5C2B000DDC096 /* CRSStarttrialState.h in Resources */,
				69E24E4B07A5C2B100DDC096 /* CRSStopState.h in Resources */,
				69E24E4F07A5C2BB00DDC096 /* CRSMap_Prefix.h in Resources */,
				69E24E5007A5C2BC00DDC096 /* CRS.h in Resources */,
				69E24E5207A5C2BD00DDC096 /* UtilityFunctions.h in Resources */,
				69E24E5507A5C2C400DDC096 /* CRSMap.nib in Resources */,
				69E24E5607A5C2C500DDC096 /* CRSBehaviorController.nib in Resources */,
				69E24E5707A5C2C500DDC096 /* CRSEyeXYController.nib in Resources */,
				69E24E5807A5C2C700DDC096 /* CRSSpikeController.nib in Resources */,
				69E24E5A07A5C2C900DDC096 /* CRSSummaryController.nib in Resources */,
				69E24E5B07A5C2C900DDC096 /* CRSXTController.nib in Resources */,
				FCCE5D140CC7BE8200E610EE /* CRSStimulusMapping.nib in Resources */,
				69E24E5C07A5C2D100DDC096 /* UserDefaults.plist in Resources */,
				69E24E5407A5C2C300DDC096 /* InfoPlist.strings in Resources */,
			);
			runOnlyForDeploymentPostprocessing = 0;
		};
/* End PBXResourcesBuildPhase section */

/* Begin PBXSourcesBuildPhase section */
		69E24E1307A5C21F00DDC096 /* Sources */ = {
			isa = PBXSourcesBuildPhase;
			buildActionMask = 2147483647;
			files = (
				69E24E1C07A5C25B00DDC096 /* CRSMap.m in Sources */,
				69E24E2207A5C27100DDC096 /* CRSBehaviorController.m in Sources */,
				69E24E2407A5C27200DDC096 /* CRSEyeXYController.m in Sources */,
				69E24E2807A5C27600DDC096 /* CRSSummaryController.m in Sources */,
				69E24E2A07A5C27800DDC096 /* CRSXTController.m in Sources */,
				69E24E2E07A5C29800DDC096 /* CRSStateSystem.m in Sources */,
				69E24E3007A5C29A00DDC096 /* CRSBlockedState.m in Sources */,
				69E24E3207A5C29B00DDC096 /* CRSEndtrialState.m in Sources */,
				69E24E3407A5C29D00DDC096 /* CRSFixonState.m in Sources */,
				69E24E3807A5C2A000DDC096 /* CRSIdleState.m in Sources */,
				69E24E3A07A5C2A100DDC096 /* CRSIntertrialState.m in Sources */,
				69E24E3C07A5C2A300DDC096 /* CRSStimulate.m in Sources */,
				69E24E4407A5C2AC00DDC096 /* CRSReactState.m in Sources */,
				69E24E4607A5C2AE00DDC096 /* CRSSaccadeState.m in Sources */,
				69E24E4A07A5C2B000DDC096 /* CRSStarttrialState.m in Sources */,
				69E24E4C07A5C2B200DDC096 /* CRSStopState.m in Sources */,
				69E24E5107A5C2BD00DDC096 /* main.m in Sources */,
				69E24E5307A5C2BE00DDC096 /* UtilityFunctions.m in Sources */,
				695982D2080209EB0090B9A6 /* CRSFixGraceState.m in Sources */,
				69BDCE44098BD2CA00578E91 /* CRSSpikeController.m in Sources */,
				695C12F709B108880021A27D /* CRSFixateState.m in Sources */,
				5DA33D0019518B8D00D1C035 /* CRSUtilities.m in Sources */,
				AF0220F80B37000B0029778E /* CRSTooFastState.m in Sources */,
				AFCACCF80B9D2F610033D226 /* CRSRoundToStimCycle.m in Sources */,
				692E5AAF0CDBECE300E0BCB8 /* CRSMapStimTable.m in Sources */,
				FC1EC3730F5F3E6300C95582 /* CRSDigitalOut.m in Sources */,
				A1F6F3E21883BE4B00B32245 /* CRSStimuli.m in Sources */,
			);
			runOnlyForDeploymentPostprocessing = 0;
		};
/* End PBXSourcesBuildPhase section */

/* Begin PBXVariantGroup section */
		089C165CFE840E0CC02AAC07 /* InfoPlist.strings */ = {
			isa = PBXVariantGroup;
			children = (
				089C165DFE840E0CC02AAC07 /* English */,
			);
			name = InfoPlist.strings;
			sourceTree = "<group>";
		};
		29B97318FDCFA39411CA2CEA /* CRSMap.nib */ = {
			isa = PBXVariantGroup;
			children = (
				29B97319FDCFA39411CA2CEA /* English */,
			);
			name = CRSMap.nib;
			sourceTree = "<group>";
		};
		690B7991047ADABA00A80164 /* CRSXTController.nib */ = {
			isa = PBXVariantGroup;
			children = (
				690B7992047ADABA00A80164 /* English */,
			);
			name = CRSXTController.nib;
			sourceTree = "<group>";
		};
		69B5A7C70471D9E400F95509 /* CRSBehaviorController.nib */ = {
			isa = PBXVariantGroup;
			children = (
				69B5A7C80471D9E400F95509 /* English */,
			);
			name = CRSBehaviorController.nib;
			sourceTree = "<group>";
		};
		69B9AE6F0482FB9F00F95509 /* CRSSummaryController.nib */ = {
			isa = PBXVariantGroup;
			children = (
				69B9AE700482FB9F00F95509 /* English */,
			);
			name = CRSSummaryController.nib;
			sourceTree = "<group>";
		};
		69E96F950472CCC300F95509 /* CRSEyeXYController.nib */ = {
			isa = PBXVariantGroup;
			children = (
				69E96F960472CCC300F95509 /* English */,
			);
			name = CRSEyeXYController.nib;
			sourceTree = "<group>";
		};
		69F13A6304716D0D00F95509 /* CRSSpikeController.nib */ = {
			isa = PBXVariantGroup;
			children = (
				69F13A6404716D0D00F95509 /* English */,
			);
			name = CRSSpikeController.nib;
			sourceTree = "<group>";
		};
		FCCE5D120CC7BE8200E610EE /* CRSStimulusMapping.nib */ = {
			isa = PBXVariantGroup;
			children = (
				FCCE5D130CC7BE8200E610EE /* English */,
			);
			name = CRSStimulusMapping.nib;
			sourceTree = "<group>";
		};
/* End PBXVariantGroup section */

/* Begin XCBuildConfiguration section */
		69B8D0EA088DAADA002FCFD4 /* Development */ = {
			isa = XCBuildConfiguration;
			buildSettings = {
				COMBINE_HIDPI_IMAGES = YES;
				CONFIGURATION_BUILD_DIR = "~/Library/Application Support/Knot/Plugins/$(CONFIGURATION)$(EFFECTIVE_PLATFORM_NAME)";
				CONFIGURATION_TEMP_DIR = "$(PROJECT_DIR)/$(BUILD_DIR)";
				COPY_PHASE_STRIP = NO;
				FRAMEWORK_SEARCH_PATHS = (
					"/Documents/Lablib/Frameworks/Lablib/build/**",
					"/Documents/Lablib/Frameworks/LablibITC18/build/**",
				);
				GCC_DYNAMIC_NO_PIC = NO;
				GCC_GENERATE_DEBUGGING_SYMBOLS = YES;
				GCC_OPTIMIZATION_LEVEL = 0;
				GCC_PRECOMPILE_PREFIX_HEADER = YES;
				GCC_PREFIX_HEADER = CRSMap_Prefix.h;
				GCC_TREAT_WARNINGS_AS_ERRORS = YES;
				GCC_VERSION = com.apple.compilers.llvm.clang.1_0;
				GCC_WARN_ABOUT_MISSING_PROTOTYPES = YES;
				GCC_WARN_CHECK_SWITCH_STATEMENTS = YES;
				GCC_WARN_TYPECHECK_CALLS_TO_PRINTF = YES;
				GCC_WARN_UNUSED_FUNCTION = YES;
				GCC_WARN_UNUSED_LABEL = YES;
				GCC_WARN_UNUSED_VALUE = YES;
				GCC_WARN_UNUSED_VARIABLE = YES;
				HEADER_SEARCH_PATHS = "";
				INFOPLIST_FILE = Info.plist;
				INSTALL_PATH = "$(USER_LIBRARY_DIR)/Bundles";
				OTHER_CFLAGS = "";
				OTHER_LDFLAGS = (
					"-framework",
					Foundation,
					"-framework",
					AppKit,
				);
				OTHER_REZFLAGS = "";
				PRODUCT_NAME = CRSMap;
				SECTORDER_FLAGS = "";
				SKIP_INSTALL = NO;
				SYMROOT = build;
				UNSTRIPPED_PRODUCT = YES;
				WARNING_CFLAGS = (
					"-Wmost",
					"-Wno-four-char-constants",
					"-Wno-unknown-pragmas",
				);
				WRAPPER_EXTENSION = plugin;
				ZERO_LINK = NO;
			};
			name = Development;
		};
		69B8D0EB088DAADA002FCFD4 /* Deployment */ = {
			isa = XCBuildConfiguration;
			buildSettings = {
				COMBINE_HIDPI_IMAGES = YES;
				CONFIGURATION_BUILD_DIR = "~/Library/Application Support/Knot/Plugins/$(CONFIGURATION)$(EFFECTIVE_PLATFORM_NAME)";
				CONFIGURATION_TEMP_DIR = "$(PROJECT_DIR)/$(BUILD_DIR)";
				FRAMEWORK_SEARCH_PATHS = (
					"/Documents/Lablib/Frameworks/Lablib/build/**",
					"/Documents/Lablib/Frameworks/LablibITC18/build/**",
				);
				GCC_GENERATE_DEBUGGING_SYMBOLS = NO;
				GCC_PRECOMPILE_PREFIX_HEADER = YES;
				GCC_PREFIX_HEADER = CRSMap_Prefix.h;
				GCC_VERSION = com.apple.compilers.llvm.clang.1_0;
				INFOPLIST_FILE = Info.plist;
				INSTALL_PATH = "$(USER_LIBRARY_DIR)/Bundles";
				OTHER_CFLAGS = "";
				OTHER_LDFLAGS = (
					"-framework",
					Foundation,
					"-framework",
					AppKit,
				);
				OTHER_REZFLAGS = "";
				PRODUCT_NAME = CRSMap;
				SECTORDER_FLAGS = "";
				SYMROOT = build;
				WARNING_CFLAGS = (
					"-Wmost",
					"-Wno-four-char-constants",
					"-Wno-unknown-pragmas",
				);
				WRAPPER_EXTENSION = plugin;
			};
			name = Deployment;
		};
		69B8D0EC088DAADA002FCFD4 /* Default */ = {
			isa = XCBuildConfiguration;
			buildSettings = {
				COMBINE_HIDPI_IMAGES = YES;
				CONFIGURATION_BUILD_DIR = "~/Library/Application Support/Knot/Plugins/$(CONFIGURATION)$(EFFECTIVE_PLATFORM_NAME)";
				CONFIGURATION_TEMP_DIR = "$(PROJECT_DIR)/$(BUILD_DIR)";
				FRAMEWORK_SEARCH_PATHS = (
					"/Documents/Lablib/Frameworks/Lablib/build/**",
					"/Documents/Lablib/Frameworks/LablibITC18/build/**",
				);
				GCC_PRECOMPILE_PREFIX_HEADER = YES;
				GCC_PREFIX_HEADER = CRSMap_Prefix.h;
				GCC_VERSION = com.apple.compilers.llvm.clang.1_0;
				INFOPLIST_FILE = Info.plist;
				INSTALL_PATH = "$(USER_LIBRARY_DIR)/Bundles";
				OTHER_CFLAGS = "";
				OTHER_LDFLAGS = (
					"-framework",
					Foundation,
					"-framework",
					AppKit,
				);
				OTHER_REZFLAGS = "";
				PRODUCT_NAME = CRSMap;
				SECTORDER_FLAGS = "";
				SYMROOT = build;
				WARNING_CFLAGS = (
					"-Wmost",
					"-Wno-four-char-constants",
					"-Wno-unknown-pragmas",
				);
				WRAPPER_EXTENSION = plugin;
			};
			name = Default;
		};
		69B8D0EE088DAADA002FCFD4 /* Development */ = {
			isa = XCBuildConfiguration;
			buildSettings = {
				CONFIGURATION_BUILD_DIR = "~/Library/Application Support/Knot/Plugins/$(CONFIGURATION)$(EFFECTIVE_PLATFORM_NAME)";
				CONFIGURATION_TEMP_DIR = "$(PROJECT_DIR)/$(BUILD_DIR)";
				FRAMEWORK_SEARCH_PATHS = (
					"/Documents/Lablib/Frameworks/LablibITC18/build/**",
					"/Documents/Lablib/Frameworks/Lablib/build/**",
				);
				GCC_PRECOMPILE_PREFIX_HEADER = YES;
				GCC_PREFIX_HEADER = CRSMap_Prefix.h;
				GCC_TREAT_WARNINGS_AS_ERRORS = YES;
				GCC_WARN_ABOUT_MISSING_PROTOTYPES = YES;
				GCC_WARN_ABOUT_RETURN_TYPE = YES;
				GCC_WARN_CHECK_SWITCH_STATEMENTS = YES;
				GCC_WARN_INITIALIZER_NOT_FULLY_BRACKETED = YES;
				GCC_WARN_MISSING_PARENTHESES = YES;
				GCC_WARN_SHADOW = NO;
				GCC_WARN_UNINITIALIZED_AUTOS = NO;
				GCC_WARN_UNKNOWN_PRAGMAS = YES;
				GCC_WARN_UNUSED_FUNCTION = YES;
				GCC_WARN_UNUSED_LABEL = YES;
				GCC_WARN_UNUSED_PARAMETER = NO;
				GCC_WARN_UNUSED_VALUE = YES;
				GCC_WARN_UNUSED_VARIABLE = YES;
				HEADER_SEARCH_PATHS = "";
				LIBRARY_SEARCH_PATHS = "";
				SDKROOT = "";
				SYMROOT = "$(PROJECT_DIR)/$(BUILD_DIR)";
			};
			name = Development;
		};
		69B8D0EF088DAADA002FCFD4 /* Deployment */ = {
			isa = XCBuildConfiguration;
			buildSettings = {
				CONFIGURATION_BUILD_DIR = "~/Library/Application Support/Knot/Plugins/$(CONFIGURATION)$(EFFECTIVE_PLATFORM_NAME)";
				CONFIGURATION_TEMP_DIR = "$(PROJECT_DIR)/$(BUILD_DIR)";
				FRAMEWORK_SEARCH_PATHS = (
					"/Documents/Lablib/Frameworks/LablibITC18/build/**",
					"/Documents/Lablib/Frameworks/Lablib/build/**",
				);
				GCC_PRECOMPILE_PREFIX_HEADER = YES;
				GCC_PREFIX_HEADER = CRSMap_Prefix.h;
				GCC_TREAT_WARNINGS_AS_ERRORS = YES;
				GCC_WARN_ABOUT_MISSING_PROTOTYPES = YES;
				GCC_WARN_ABOUT_RETURN_TYPE = YES;
				GCC_WARN_CHECK_SWITCH_STATEMENTS = YES;
				GCC_WARN_INITIALIZER_NOT_FULLY_BRACKETED = YES;
				GCC_WARN_MISSING_PARENTHESES = YES;
				GCC_WARN_SHADOW = NO;
				GCC_WARN_UNINITIALIZED_AUTOS = NO;
				GCC_WARN_UNKNOWN_PRAGMAS = YES;
				GCC_WARN_UNUSED_FUNCTION = YES;
				GCC_WARN_UNUSED_LABEL = YES;
				GCC_WARN_UNUSED_PARAMETER = NO;
				GCC_WARN_UNUSED_VALUE = YES;
				GCC_WARN_UNUSED_VARIABLE = YES;
				HEADER_SEARCH_PATHS = "";
				LIBRARY_SEARCH_PATHS = "";
				SYMROOT = "$(PROJECT_DIR)/$(BUILD_DIR)";
			};
			name = Deployment;
		};
		69B8D0F0088DAADA002FCFD4 /* Default */ = {
			isa = XCBuildConfiguration;
			buildSettings = {
				CONFIGURATION_BUILD_DIR = "~/Library/Application Support/Knot/Plugins/$(CONFIGURATION)$(EFFECTIVE_PLATFORM_NAME)";
				CONFIGURATION_TEMP_DIR = "$(PROJECT_DIR)/$(BUILD_DIR)";
				FRAMEWORK_SEARCH_PATHS = (
					"/Documents/Lablib/Frameworks/LablibITC18/build/**",
					"/Documents/Lablib/Frameworks/Lablib/build/**",
				);
				GCC_PRECOMPILE_PREFIX_HEADER = YES;
				GCC_PREFIX_HEADER = CRSMap_Prefix.h;
				GCC_TREAT_WARNINGS_AS_ERRORS = YES;
				GCC_WARN_ABOUT_MISSING_PROTOTYPES = YES;
				GCC_WARN_ABOUT_RETURN_TYPE = YES;
				GCC_WARN_CHECK_SWITCH_STATEMENTS = YES;
				GCC_WARN_INITIALIZER_NOT_FULLY_BRACKETED = YES;
				GCC_WARN_MISSING_PARENTHESES = YES;
				GCC_WARN_SHADOW = NO;
				GCC_WARN_UNINITIALIZED_AUTOS = NO;
				GCC_WARN_UNKNOWN_PRAGMAS = YES;
				GCC_WARN_UNUSED_FUNCTION = YES;
				GCC_WARN_UNUSED_LABEL = YES;
				GCC_WARN_UNUSED_PARAMETER = NO;
				GCC_WARN_UNUSED_VALUE = YES;
				GCC_WARN_UNUSED_VARIABLE = YES;
				HEADER_SEARCH_PATHS = "";
				LIBRARY_SEARCH_PATHS = "";
				SYMROOT = "$(PROJECT_DIR)/$(BUILD_DIR)";
			};
			name = Default;
		};
/* End XCBuildConfiguration section */

/* Begin XCConfigurationList section */
		69B8D0E9088DAADA002FCFD4 /* Build configuration list for PBXNativeTarget "CRSMap" */ = {
			isa = XCConfigurationList;
			buildConfigurations = (
				69B8D0EA088DAADA002FCFD4 /* Development */,
				69B8D0EB088DAADA002FCFD4 /* Deployment */,
				69B8D0EC088DAADA002FCFD4 /* Default */,
			);
			defaultConfigurationIsVisible = 0;
			defaultConfigurationName = Default;
		};
		69B8D0ED088DAADA002FCFD4 /* Build configuration list for PBXProject "CRSMap" */ = {
			isa = XCConfigurationList;
			buildConfigurations = (
				69B8D0EE088DAADA002FCFD4 /* Development */,
				69B8D0EF088DAADA002FCFD4 /* Deployment */,
				69B8D0F0088DAADA002FCFD4 /* Default */,
			);
			defaultConfigurationIsVisible = 0;
			defaultConfigurationName = Default;
		};
/* End XCConfigurationList section */
	};
	rootObject = 29B97313FDCFA39411CA2CEA /* Project object */;
}
